
Microsoft Visual Studio Solution File, Format Version 12.00
# Visual Studio 14
VisualStudioVersion = 14.0.25123.0
MinimumVisualStudioVersion = 10.0.40219.1
Project("{4FDA26C0-F489-4965-9792-1EA05C800207}") = "Sitecore.Support.184917", "Sitecore.Support.184917\Sitecore.Support.184917.csproj", "{037A0DDF-690E-4A94-BC8F-D562D4E6F476}"
EndProject
Global
	GlobalSection(SolutionConfigurationPlatforms) = preSolution
		Debug|Any CPU = Debug|Any CPU
		Release|Any CPU = Release|Any CPU
	EndGlobalSection
	GlobalSection(ProjectConfigurationPlatforms) = postSolution
		{037A0DDF-690E-4A94-BC8F-D562D4E6F476}.Debug|Any CPU.ActiveCfg = Debug|Any CPU
		{037A0DDF-690E-4A94-BC8F-D562D4E6F476}.Debug|Any CPU.Build.0 = Debug|Any CPU
		{037A0DDF-690E-4A94-BC8F-D562D4E6F476}.Release|Any CPU.ActiveCfg = Release|Any CPU
		{037A0DDF-690E-4A94-BC8F-D562D4E6F476}.Release|Any CPU.Build.0 = Release|Any CPU
	EndGlobalSection
	GlobalSection(SolutionProperties) = preSolution
		HideSolutionNode = FALSE
	EndGlobalSection
EndGlobal
